
Microsoft Visual Studio Solution File, Format Version 12.00
# Visual Studio 15
VisualStudioVersion = 15.0.27130.2010
MinimumVisualStudioVersion = 10.0.40219.1
Project("{FAE04EC0-301F-11D3-BF4B-00C04F79EFBC}") = "EmployeeService", "EmployeeService\EmployeeService.csproj", "{E4AD2E91-BEFC-4DD7-B1AF-7FE9F1A70750}"
EndProject
Global
	GlobalSection(SolutionConfigurationPlatforms) = preSolution
		Debug|Any CPU = Debug|Any CPU
		Release|Any CPU = Release|Any CPU
	EndGlobalSection
	GlobalSection(ProjectConfigurationPlatforms) = postSolution
		{E4AD2E91-BEFC-4DD7-B1AF-7FE9F1A70750}.Debug|Any CPU.ActiveCfg = Debug|Any CPU
		{E4AD2E91-BEFC-4DD7-B1AF-7FE9F1A70750}.Debug|Any CPU.Build.0 = Debug|Any CPU
		{E4AD2E91-BEFC-4DD7-B1AF-7FE9F1A70750}.Release|Any CPU.ActiveCfg = Release|Any CPU
		{E4AD2E91-BEFC-4DD7-B1AF-7FE9F1A70750}.Release|Any CPU.Build.0 = Release|Any CPU
	EndGlobalSection
	GlobalSection(SolutionProperties) = preSolution
		HideSolutionNode = FALSE
	EndGlobalSection
	GlobalSection(ExtensibilityGlobals) = postSolution
		SolutionGuid = {00660653-F7FB-4CDB-9696-72C09FB0C2DC}
	EndGlobalSection
	GlobalSection(TeamFoundationVersionControl) = preSolution
		SccNumberOfProjects = 2
		SccEnterpriseProvider = {4CA58AB2-18FA-4F8D-95D4-32DDF27D184C}
		SccTeamFoundationServer = https://sachsuraj.visualstudio.com/
		SccLocalPath0 = .
		SccProjectUniqueName1 = EmployeeService\\EmployeeService.csproj
		SccProjectName1 = EmployeeService
		SccLocalPath1 = EmployeeService
	EndGlobalSection
EndGlobal
