
Microsoft Visual Studio Solution File, Format Version 12.00
# Visual Studio 15
VisualStudioVersion = 15.0.28010.2003
MinimumVisualStudioVersion = 10.0.40219.1
Project("{FAE04EC0-301F-11D3-BF4B-00C04F79EFBC}") = "QuezGo", "Prism_App\QuezGo.csproj", "{D8B5A2BE-AD5C-400F-A070-6EFB41A76B89}"
EndProject
Project("{FAE04EC0-301F-11D3-BF4B-00C04F79EFBC}") = "Model", "Model\Model.csproj", "{5FB13C16-184B-42D8-9938-F251C61E1F62}"
EndProject
Project("{FAE04EC0-301F-11D3-BF4B-00C04F79EFBC}") = "Quiz", "Quiz\Quiz.csproj", "{AC66D0FE-8F87-47AA-AB2A-553BF98019B5}"
EndProject
Global
	GlobalSection(SolutionConfigurationPlatforms) = preSolution
		Debug|Any CPU = Debug|Any CPU
		Release|Any CPU = Release|Any CPU
	EndGlobalSection
	GlobalSection(ProjectConfigurationPlatforms) = postSolution
		{D8B5A2BE-AD5C-400F-A070-6EFB41A76B89}.Debug|Any CPU.ActiveCfg = Debug|Any CPU
		{D8B5A2BE-AD5C-400F-A070-6EFB41A76B89}.Debug|Any CPU.Build.0 = Debug|Any CPU
		{D8B5A2BE-AD5C-400F-A070-6EFB41A76B89}.Release|Any CPU.ActiveCfg = Release|Any CPU
		{D8B5A2BE-AD5C-400F-A070-6EFB41A76B89}.Release|Any CPU.Build.0 = Release|Any CPU
		{5FB13C16-184B-42D8-9938-F251C61E1F62}.Debug|Any CPU.ActiveCfg = Debug|Any CPU
		{5FB13C16-184B-42D8-9938-F251C61E1F62}.Debug|Any CPU.Build.0 = Debug|Any CPU
		{5FB13C16-184B-42D8-9938-F251C61E1F62}.Release|Any CPU.ActiveCfg = Release|Any CPU
		{5FB13C16-184B-42D8-9938-F251C61E1F62}.Release|Any CPU.Build.0 = Release|Any CPU
		{AC66D0FE-8F87-47AA-AB2A-553BF98019B5}.Debug|Any CPU.ActiveCfg = Debug|Any CPU
		{AC66D0FE-8F87-47AA-AB2A-553BF98019B5}.Debug|Any CPU.Build.0 = Debug|Any CPU
		{AC66D0FE-8F87-47AA-AB2A-553BF98019B5}.Release|Any CPU.ActiveCfg = Release|Any CPU
		{AC66D0FE-8F87-47AA-AB2A-553BF98019B5}.Release|Any CPU.Build.0 = Release|Any CPU
	EndGlobalSection
	GlobalSection(SolutionProperties) = preSolution
		HideSolutionNode = FALSE
	EndGlobalSection
	GlobalSection(ExtensibilityGlobals) = postSolution
		SolutionGuid = {1A79C41A-5BBF-44B1-94E1-DF683C879D11}
	EndGlobalSection
EndGlobal
