
Microsoft Visual Studio Solution File, Format Version 12.00
# Visual Studio 15
VisualStudioVersion = 15.0.28010.2003
MinimumVisualStudioVersion = 10.0.40219.1
Project("{FAE04EC0-301F-11D3-BF4B-00C04F79EFBC}") = "GrokkingAlgorithms", "GrokkingAlgorithms\GrokkingAlgorithms.csproj", "{2528AB2E-759C-410F-B241-97E669C336A3}"
EndProject
Global
	GlobalSection(SolutionConfigurationPlatforms) = preSolution
		Debug|Any CPU = Debug|Any CPU
		Release|Any CPU = Release|Any CPU
	EndGlobalSection
	GlobalSection(ProjectConfigurationPlatforms) = postSolution
		{2528AB2E-759C-410F-B241-97E669C336A3}.Debug|Any CPU.ActiveCfg = Debug|Any CPU
		{2528AB2E-759C-410F-B241-97E669C336A3}.Debug|Any CPU.Build.0 = Debug|Any CPU
		{2528AB2E-759C-410F-B241-97E669C336A3}.Release|Any CPU.ActiveCfg = Release|Any CPU
		{2528AB2E-759C-410F-B241-97E669C336A3}.Release|Any CPU.Build.0 = Release|Any CPU
	EndGlobalSection
	GlobalSection(SolutionProperties) = preSolution
		HideSolutionNode = FALSE
	EndGlobalSection
	GlobalSection(ExtensibilityGlobals) = postSolution
		SolutionGuid = {5C2E7A7E-0E6D-42B7-B039-C997B9DDA41E}
	EndGlobalSection
EndGlobal
